
Microsoft Visual Studio Solution File, Format Version 12.00
# Visual Studio 15
VisualStudioVersion = 15.0.27703.2047
MinimumVisualStudioVersion = 10.0.40219.1
Project("{FAE04EC0-301F-11D3-BF4B-00C04F79EFBC}") = "ExamAdvanced", "ExamAdvanced\ExamAdvanced.csproj", "{37A8DE6B-79A3-42B3-9D29-D5119B05BE8F}"
EndProject
Project("{FAE04EC0-301F-11D3-BF4B-00C04F79EFBC}") = "Tagram", "Tagram\Tagram.csproj", "{22300CE8-636E-4DB0-9565-10280CBE97D2}"
EndProject
Project("{FAE04EC0-301F-11D3-BF4B-00C04F79EFBC}") = "Messages", "Messages\Messages.csproj", "{C08EF92B-5241-4619-B1BE-8D3E29299819}"
EndProject
Project("{FAE04EC0-301F-11D3-BF4B-00C04F79EFBC}") = "Miner", "Miner\Miner.csproj", "{D7800589-8451-4902-B10C-4CD186B183F7}"
EndProject
Global
	GlobalSection(SolutionConfigurationPlatforms) = preSolution
		Debug|Any CPU = Debug|Any CPU
		Release|Any CPU = Release|Any CPU
	EndGlobalSection
	GlobalSection(ProjectConfigurationPlatforms) = postSolution
		{37A8DE6B-79A3-42B3-9D29-D5119B05BE8F}.Debug|Any CPU.ActiveCfg = Debug|Any CPU
		{37A8DE6B-79A3-42B3-9D29-D5119B05BE8F}.Debug|Any CPU.Build.0 = Debug|Any CPU
		{37A8DE6B-79A3-42B3-9D29-D5119B05BE8F}.Release|Any CPU.ActiveCfg = Release|Any CPU
		{37A8DE6B-79A3-42B3-9D29-D5119B05BE8F}.Release|Any CPU.Build.0 = Release|Any CPU
		{22300CE8-636E-4DB0-9565-10280CBE97D2}.Debug|Any CPU.ActiveCfg = Debug|Any CPU
		{22300CE8-636E-4DB0-9565-10280CBE97D2}.Debug|Any CPU.Build.0 = Debug|Any CPU
		{22300CE8-636E-4DB0-9565-10280CBE97D2}.Release|Any CPU.ActiveCfg = Release|Any CPU
		{22300CE8-636E-4DB0-9565-10280CBE97D2}.Release|Any CPU.Build.0 = Release|Any CPU
		{C08EF92B-5241-4619-B1BE-8D3E29299819}.Debug|Any CPU.ActiveCfg = Debug|Any CPU
		{C08EF92B-5241-4619-B1BE-8D3E29299819}.Debug|Any CPU.Build.0 = Debug|Any CPU
		{C08EF92B-5241-4619-B1BE-8D3E29299819}.Release|Any CPU.ActiveCfg = Release|Any CPU
		{C08EF92B-5241-4619-B1BE-8D3E29299819}.Release|Any CPU.Build.0 = Release|Any CPU
		{D7800589-8451-4902-B10C-4CD186B183F7}.Debug|Any CPU.ActiveCfg = Debug|Any CPU
		{D7800589-8451-4902-B10C-4CD186B183F7}.Debug|Any CPU.Build.0 = Debug|Any CPU
		{D7800589-8451-4902-B10C-4CD186B183F7}.Release|Any CPU.ActiveCfg = Release|Any CPU
		{D7800589-8451-4902-B10C-4CD186B183F7}.Release|Any CPU.Build.0 = Release|Any CPU
	EndGlobalSection
	GlobalSection(SolutionProperties) = preSolution
		HideSolutionNode = FALSE
	EndGlobalSection
	GlobalSection(ExtensibilityGlobals) = postSolution
		SolutionGuid = {372CAA51-5EAE-45DB-B800-2A1623BAA94E}
	EndGlobalSection
EndGlobal
