
Microsoft Visual Studio Solution File, Format Version 12.00
# Visual Studio 15
VisualStudioVersion = 15.0.27703.2047
MinimumVisualStudioVersion = 10.0.40219.1
Project("{FAE04EC0-301F-11D3-BF4B-00C04F79EFBC}") = "BorderControl", "BorderControl\BorderControl.csproj", "{56F95BF8-A724-4E4B-8606-04864C488680}"
EndProject
Project("{FAE04EC0-301F-11D3-BF4B-00C04F79EFBC}") = "MilitaryElite", "MilitaryElite\MilitaryElite.csproj", "{CA11C6C3-22DD-477C-9DB5-33671C473527}"
EndProject
Global
	GlobalSection(SolutionConfigurationPlatforms) = preSolution
		Debug|Any CPU = Debug|Any CPU
		Release|Any CPU = Release|Any CPU
	EndGlobalSection
	GlobalSection(ProjectConfigurationPlatforms) = postSolution
		{56F95BF8-A724-4E4B-8606-04864C488680}.Debug|Any CPU.ActiveCfg = Debug|Any CPU
		{56F95BF8-A724-4E4B-8606-04864C488680}.Debug|Any CPU.Build.0 = Debug|Any CPU
		{56F95BF8-A724-4E4B-8606-04864C488680}.Release|Any CPU.ActiveCfg = Release|Any CPU
		{56F95BF8-A724-4E4B-8606-04864C488680}.Release|Any CPU.Build.0 = Release|Any CPU
		{CA11C6C3-22DD-477C-9DB5-33671C473527}.Debug|Any CPU.ActiveCfg = Debug|Any CPU
		{CA11C6C3-22DD-477C-9DB5-33671C473527}.Debug|Any CPU.Build.0 = Debug|Any CPU
		{CA11C6C3-22DD-477C-9DB5-33671C473527}.Release|Any CPU.ActiveCfg = Release|Any CPU
		{CA11C6C3-22DD-477C-9DB5-33671C473527}.Release|Any CPU.Build.0 = Release|Any CPU
	EndGlobalSection
	GlobalSection(SolutionProperties) = preSolution
		HideSolutionNode = FALSE
	EndGlobalSection
	GlobalSection(ExtensibilityGlobals) = postSolution
		SolutionGuid = {8FC86202-780A-4B96-9CCD-8DF47AE06752}
	EndGlobalSection
EndGlobal
