
Microsoft Visual Studio Solution File, Format Version 12.00
# Visual Studio 15
VisualStudioVersion = 15.0.27703.2047
MinimumVisualStudioVersion = 10.0.40219.1
Project("{9A19103F-16F7-4668-BE54-9A1E7A4F7556}") = "Encapsulation", "Encapsulation\Encapsulation.csproj", "{F262DB5C-8647-43C0-BCA3-C277CE92E143}"
EndProject
Project("{9A19103F-16F7-4668-BE54-9A1E7A4F7556}") = "Chicken", "Chicken\Chicken.csproj", "{9F7FB557-8BC5-4121-920D-AB7B6B58207B}"
EndProject
Project("{9A19103F-16F7-4668-BE54-9A1E7A4F7556}") = "ShoppingSpree", "ShoppingSpree\ShoppingSpree.csproj", "{470A233D-7995-4168-B33B-25D868668D0E}"
EndProject
Project("{9A19103F-16F7-4668-BE54-9A1E7A4F7556}") = "PizzaCalories", "PizzaCalories\PizzaCalories.csproj", "{184B6465-0FC9-4A31-99D5-7A3473E5E32F}"
EndProject
Project("{FAE04EC0-301F-11D3-BF4B-00C04F79EFBC}") = "TeamBuilder", "TeamBuilder\TeamBuilder.csproj", "{9633550F-C242-48CC-ADF2-FDE76534C3EF}"
EndProject
Global
	GlobalSection(SolutionConfigurationPlatforms) = preSolution
		Debug|Any CPU = Debug|Any CPU
		Release|Any CPU = Release|Any CPU
	EndGlobalSection
	GlobalSection(ProjectConfigurationPlatforms) = postSolution
		{F262DB5C-8647-43C0-BCA3-C277CE92E143}.Debug|Any CPU.ActiveCfg = Debug|Any CPU
		{F262DB5C-8647-43C0-BCA3-C277CE92E143}.Debug|Any CPU.Build.0 = Debug|Any CPU
		{F262DB5C-8647-43C0-BCA3-C277CE92E143}.Release|Any CPU.ActiveCfg = Release|Any CPU
		{F262DB5C-8647-43C0-BCA3-C277CE92E143}.Release|Any CPU.Build.0 = Release|Any CPU
		{9F7FB557-8BC5-4121-920D-AB7B6B58207B}.Debug|Any CPU.ActiveCfg = Debug|Any CPU
		{9F7FB557-8BC5-4121-920D-AB7B6B58207B}.Debug|Any CPU.Build.0 = Debug|Any CPU
		{9F7FB557-8BC5-4121-920D-AB7B6B58207B}.Release|Any CPU.ActiveCfg = Release|Any CPU
		{9F7FB557-8BC5-4121-920D-AB7B6B58207B}.Release|Any CPU.Build.0 = Release|Any CPU
		{470A233D-7995-4168-B33B-25D868668D0E}.Debug|Any CPU.ActiveCfg = Debug|Any CPU
		{470A233D-7995-4168-B33B-25D868668D0E}.Debug|Any CPU.Build.0 = Debug|Any CPU
		{470A233D-7995-4168-B33B-25D868668D0E}.Release|Any CPU.ActiveCfg = Release|Any CPU
		{470A233D-7995-4168-B33B-25D868668D0E}.Release|Any CPU.Build.0 = Release|Any CPU
		{184B6465-0FC9-4A31-99D5-7A3473E5E32F}.Debug|Any CPU.ActiveCfg = Debug|Any CPU
		{184B6465-0FC9-4A31-99D5-7A3473E5E32F}.Debug|Any CPU.Build.0 = Debug|Any CPU
		{184B6465-0FC9-4A31-99D5-7A3473E5E32F}.Release|Any CPU.ActiveCfg = Release|Any CPU
		{184B6465-0FC9-4A31-99D5-7A3473E5E32F}.Release|Any CPU.Build.0 = Release|Any CPU
		{9633550F-C242-48CC-ADF2-FDE76534C3EF}.Debug|Any CPU.ActiveCfg = Debug|Any CPU
		{9633550F-C242-48CC-ADF2-FDE76534C3EF}.Debug|Any CPU.Build.0 = Debug|Any CPU
		{9633550F-C242-48CC-ADF2-FDE76534C3EF}.Release|Any CPU.ActiveCfg = Release|Any CPU
		{9633550F-C242-48CC-ADF2-FDE76534C3EF}.Release|Any CPU.Build.0 = Release|Any CPU
	EndGlobalSection
	GlobalSection(SolutionProperties) = preSolution
		HideSolutionNode = FALSE
	EndGlobalSection
	GlobalSection(ExtensibilityGlobals) = postSolution
		SolutionGuid = {7CAEAB95-CC61-4160-876E-33411B77421A}
	EndGlobalSection
EndGlobal
