
Microsoft Visual Studio Solution File, Format Version 12.00
# Visual Studio 15
VisualStudioVersion = 15.0.27703.2047
MinimumVisualStudioVersion = 10.0.40219.1
Project("{FAE04EC0-301F-11D3-BF4B-00C04F79EFBC}") = "Blog", "Blog\Blog.csproj", "{13E27C0E-4DEE-4741-9896-B3C62C15CD55}"
EndProject
Global
	GlobalSection(SolutionConfigurationPlatforms) = preSolution
		Debug|Any CPU = Debug|Any CPU
		Release|Any CPU = Release|Any CPU
	EndGlobalSection
	GlobalSection(ProjectConfigurationPlatforms) = postSolution
		{13E27C0E-4DEE-4741-9896-B3C62C15CD55}.Debug|Any CPU.ActiveCfg = Debug|Any CPU
		{13E27C0E-4DEE-4741-9896-B3C62C15CD55}.Debug|Any CPU.Build.0 = Debug|Any CPU
		{13E27C0E-4DEE-4741-9896-B3C62C15CD55}.Release|Any CPU.ActiveCfg = Release|Any CPU
		{13E27C0E-4DEE-4741-9896-B3C62C15CD55}.Release|Any CPU.Build.0 = Release|Any CPU
	EndGlobalSection
	GlobalSection(SolutionProperties) = preSolution
		HideSolutionNode = FALSE
	EndGlobalSection
	GlobalSection(ExtensibilityGlobals) = postSolution
		SolutionGuid = {04880608-CFB8-4136-9CA7-94C74737A867}
	EndGlobalSection
EndGlobal
